# THIS IS AN AUTOGENERATED FILE. DO NOT EDIT THIS FILE DIRECTLY.
# yarn lockfile v1


"@types/node@8":
  version "8.10.59"
  resolved "https://registry.npmjs.org/@types/node/-/node-8.10.59.tgz"
  integrity sha512-8RkBivJrDCyPpBXhVZcjh7cQxVBSmRk9QM7hOketZzp6Tg79c0N8kkpAIito9bnJ3HCVCHVYz+KHTEbfQNfeVQ==

commander@^10.0.0:
  version "10.0.0"
  resolved "https://registry.npmjs.org/commander/-/commander-10.0.0.tgz"
  integrity sha512-zS5PnTI22FIRM6ylNW8G4Ap0IEOyk62fhLSD0+uHRT9McRCLGpkVNvao4bjimpK/GShynyQkFFxHhwMcETmduA==

peggy@^3.0.1:
  version "3.0.1"
  resolved "https://registry.npmjs.org/peggy/-/peggy-3.0.1.tgz"
  integrity sha512-opG0pnfH5ZQvlqz8Ozmk1SvIer9Rz6op0nDSkVQ4kQnVL0+KOKtIocoidxOgpLoS82r+ZW8J16FjhL3rhH/MpA==
  dependencies:
    commander "^10.0.0"
    source-map-generator "0.8.0"

source-map-generator@0.8.0:
  version "0.8.0"
  resolved "https://registry.npmjs.org/source-map-generator/-/source-map-generator-0.8.0.tgz"
  integrity sha512-psgxdGMwl5MZM9S3FWee4EgsEaIjahYV5AzGnwUvPhWeITz/j6rKpysQHlQ4USdxvINlb8lKfWGIXwfkrgtqkA==

tldts-core@^5.7.104:
  version "5.7.104"
  resolved "https://registry.npmjs.org/tldts-core/-/tldts-core-5.7.104.tgz"
  integrity sha512-8vhSgc2nzPNT0J7XyCqcOtQ6+ySBn+gsPmj5h95YytIZ7L2Xl40paUmj0T6Uko42HegHGQxXieunHIQuABWSmQ==

tldts@^5.7.104:
  version "5.7.104"
  resolved "https://registry.npmjs.org/tldts/-/tldts-5.7.104.tgz"
  integrity sha512-PlziEIVPH/ogbqOhS35K6MOeD09rd9U5g2NHO5n9NZeMC1PGpXgsjQpoJ1KiRnjhZsWDkzN8EoX3xQZuz5ZyFQ==
  dependencies:
    tldts-core "^5.7.104"
